
Microsoft Visual Studio Solution File, Format Version 12.00
# Visual Studio Version 17
VisualStudioVersion = 17.14.36414.22
MinimumVisualStudioVersion = 10.0.40219.1
Project("{2150E333-8FDC-42A3-9474-1A3956D46DE8}") = "Task0", "Task0", "{02EA681E-C7D8-13C7-8484-4AC65E1B71E8}"
EndProject
Project("{FAE04EC0-301F-11D3-BF4B-00C04F79EFBC}") = "Tyuiu.ArkhipovaMD.Sprint0.Task0.V0", "Tyuiu.ArkhipovaMD.Sprint0.Task0.V0\Tyuiu.ArkhipovaMD.Sprint0.Task0.V0.csproj", "{962F4513-E281-48A2-AA67-D3EE6953E254}"
EndProject
Project("{2150E333-8FDC-42A3-9474-1A3956D46DE8}") = "Task1", "Task1", "{D5C4693B-E1F4-42BB-99AD-2FE0775C8CA3}"
EndProject
Project("{FAE04EC0-301F-11D3-BF4B-00C04F79EFBC}") = "Tyuiy.ArkhipovaMD.Sprint0.Task1.V0", "Tyuiy.ArkhipovaMD.Sprint0.Task1.V0\Tyuiy.ArkhipovaMD.Sprint0.Task1.V0.csproj", "{645781A5-2C6B-4980-9528-E416C7365B97}"
EndProject
Project("{2150E333-8FDC-42A3-9474-1A3956D46DE8}") = "Task2", "Task2", "{D0DB5F17-94CD-43DA-8762-1E7E7525550F}"
EndProject
Project("{FAE04EC0-301F-11D3-BF4B-00C04F79EFBC}") = "Tyuiu.ArkhipovaMD.Sprint0.Task2.V0", "Tyuiu.ArkhipovaMD.Sprint0.Task2.V0\Tyuiu.ArkhipovaMD.Sprint0.Task2.V0.csproj", "{39B7561D-6AB7-427E-87B0-0BF94F3E9031}"
EndProject
Project("{FAE04EC0-301F-11D3-BF4B-00C04F79EFBC}") = "Tyuiu.ArkhipovaMD.Sprint0.Task2.V0.Lib", "Tyuiu.ArkhipovaMD.Sprint0.Task2.V0.Lib\Tyuiu.ArkhipovaMD.Sprint0.Task2.V0.Lib.csproj", "{6A77BAEC-E2FE-4105-9B6A-91FBD0EE013F}"
EndProject
Project("{FAE04EC0-301F-11D3-BF4B-00C04F79EFBC}") = "Tyuiu.ArkhipovaMD.Sprint0.Task2.V0.Test", "Tyuiu.ArkhipovaMD.Sprint0.Task2.V0.Test\Tyuiu.ArkhipovaMD.Sprint0.Task2.V0.Test.csproj", "{09F030ED-E387-4CC8-92EF-BC25313763F3}"
EndProject
Project("{2150E333-8FDC-42A3-9474-1A3956D46DE8}") = "Task3", "Task3", "{DEA6E8E4-8391-45B3-B39C-A8E23DEF0E4D}"
EndProject
Project("{FAE04EC0-301F-11D3-BF4B-00C04F79EFBC}") = "Tyuiu.ArkhipovaMD.Sprint0.Task3.V0", "Tyuiu.ArkhipovaMD.Sprint0.Task3.V0\Tyuiu.ArkhipovaMD.Sprint0.Task3.V0.csproj", "{082AD119-611F-48F7-AD93-EB6A166E068C}"
EndProject
Project("{FAE04EC0-301F-11D3-BF4B-00C04F79EFBC}") = "Tyuiu.ArkhipovaMD.Sprint0.Task3.V0.Lib", "Tyuiu.ArkhipovaMD.Sprint0.Task3.V0.Lib\Tyuiu.ArkhipovaMD.Sprint0.Task3.V0.Lib.csproj", "{4051C757-56D9-486D-9B0F-ECC6510A0E78}"
EndProject
Project("{FAE04EC0-301F-11D3-BF4B-00C04F79EFBC}") = "Tyuiu.ArkhipovaMD.Sprint0.Task3.V0.Test", "Tyuiu.ArkhipovaMD.Sprint0.Task3.V0.Test\Tyuiu.ArkhipovaMD.Sprint0.Task3.V0.Test.csproj", "{308786B7-FCA8-43BC-9F55-478B64925544}"
EndProject
Project("{2150E333-8FDC-42A3-9474-1A3956D46DE8}") = "Task4", "Task4", "{3E25E73D-F998-4B0E-96E2-CDAEA5E3E16B}"
EndProject
Project("{FAE04EC0-301F-11D3-BF4B-00C04F79EFBC}") = "Tyuiy.ArkhipovaMD.Sprint0.Task4.V0", "Tyuiy.ArkhipovaMD.Sprint0.Task4.V0\Tyuiy.ArkhipovaMD.Sprint0.Task4.V0.csproj", "{FBA36486-BBE7-48A2-88A5-9E3FF1207D77}"
EndProject
Project("{FAE04EC0-301F-11D3-BF4B-00C04F79EFBC}") = "Tyuiy.ArkhipovaMD.Sprint0.Task4.V0.Test", "Tyuiy.ArkhipovaMD.Sprint0.Task4.V0.Test\Tyuiy.ArkhipovaMD.Sprint0.Task4.V0.Test.csproj", "{0C6B8D1B-ED9B-422B-9F77-7CE192CDFD5E}"
EndProject
Project("{FAE04EC0-301F-11D3-BF4B-00C04F79EFBC}") = "Tyuiy.ArkhipovaMD.Sprint0.Task4.V0.Lib", "Tyuiy.ArkhipovaMD.Sprint0.Task4.V0.Lib\Tyuiy.ArkhipovaMD.Sprint0.Task4.V0.Lib.csproj", "{2E55DB6C-0E82-49C0-8CDF-0DEC2EF17F97}"
EndProject
Project("{2150E333-8FDC-42A3-9474-1A3956D46DE8}") = "Task5", "Task5", "{3023F1B4-F91E-40BE-A278-1991260B6E7B}"
EndProject
Project("{FAE04EC0-301F-11D3-BF4B-00C04F79EFBC}") = "Tyuiy.ArkhipovaMD.Sprint0.Task5.V0", "Tyuiy.ArkhipovaMD.Sprint0.Task5.V0\Tyuiy.ArkhipovaMD.Sprint0.Task5.V0.csproj", "{D8016D08-1D09-41BA-98F5-7D3F4E963832}"
EndProject
Project("{FAE04EC0-301F-11D3-BF4B-00C04F79EFBC}") = "Tyuiy.ArkhipovaMD.Sprint0.Task5.V0.Lib", "Tyuiy.ArkhipovaMD.Sprint0.Task5.V0.Lib\Tyuiy.ArkhipovaMD.Sprint0.Task5.V0.Lib.csproj", "{9EB461AA-9B95-412A-AF14-63B6A4B92F44}"
EndProject
Project("{FAE04EC0-301F-11D3-BF4B-00C04F79EFBC}") = "Tyuiy.ArkhipovaMD.Sprint0.Task5.V0.Test", "Tyuiy.ArkhipovaMD.Sprint0.Task5.V0.Test\Tyuiy.ArkhipovaMD.Sprint0.Task5.V0.Test.csproj", "{89EA38E0-840C-4E7D-B37B-E4DA7841BA5C}"
EndProject
Project("{2150E333-8FDC-42A3-9474-1A3956D46DE8}") = "Task6", "Task6", "{A91B1351-8C50-494B-B0F4-119A305AB4CC}"
EndProject
Project("{FAE04EC0-301F-11D3-BF4B-00C04F79EFBC}") = "Tyuiy.ArkhipovaMD.Sprint0.Task6.V0", "Tyuiy.ArkhipovaMD.Sprint0.Task6.V0\Tyuiy.ArkhipovaMD.Sprint0.Task6.V0.csproj", "{91C3662D-D6B1-4CCC-A839-0D457065579F}"
EndProject
Project("{FAE04EC0-301F-11D3-BF4B-00C04F79EFBC}") = "Tyuiy.ArkhipovaMD.Sprint0.Task6.V0.Lib", "Tyuiy.ArkhipovaMD.Sprint0.Task6.V0.Lib\Tyuiy.ArkhipovaMD.Sprint0.Task6.V0.Lib.csproj", "{7F4C324B-C948-4630-BAD1-05E92225E86C}"
EndProject
Project("{FAE04EC0-301F-11D3-BF4B-00C04F79EFBC}") = "Tyuiy.ArkhipovaMD.Sprint0.Task6.V0.Test", "Tyuiy.ArkhipovaMD.Sprint0.Task6.V0.Test\Tyuiy.ArkhipovaMD.Sprint0.Task6.V0.Test.csproj", "{6EFF4BF3-6E34-4A7D-9C5B-0B8989D8ABEC}"
EndProject
Global
	GlobalSection(SolutionConfigurationPlatforms) = preSolution
		Debug|Any CPU = Debug|Any CPU
		Release|Any CPU = Release|Any CPU
	EndGlobalSection
	GlobalSection(ProjectConfigurationPlatforms) = postSolution
		{962F4513-E281-48A2-AA67-D3EE6953E254}.Debug|Any CPU.ActiveCfg = Debug|Any CPU
		{962F4513-E281-48A2-AA67-D3EE6953E254}.Debug|Any CPU.Build.0 = Debug|Any CPU
		{962F4513-E281-48A2-AA67-D3EE6953E254}.Release|Any CPU.ActiveCfg = Release|Any CPU
		{962F4513-E281-48A2-AA67-D3EE6953E254}.Release|Any CPU.Build.0 = Release|Any CPU
		{645781A5-2C6B-4980-9528-E416C7365B97}.Debug|Any CPU.ActiveCfg = Debug|Any CPU
		{645781A5-2C6B-4980-9528-E416C7365B97}.Debug|Any CPU.Build.0 = Debug|Any CPU
		{645781A5-2C6B-4980-9528-E416C7365B97}.Release|Any CPU.ActiveCfg = Release|Any CPU
		{645781A5-2C6B-4980-9528-E416C7365B97}.Release|Any CPU.Build.0 = Release|Any CPU
		{39B7561D-6AB7-427E-87B0-0BF94F3E9031}.Debug|Any CPU.ActiveCfg = Debug|Any CPU
		{39B7561D-6AB7-427E-87B0-0BF94F3E9031}.Debug|Any CPU.Build.0 = Debug|Any CPU
		{39B7561D-6AB7-427E-87B0-0BF94F3E9031}.Release|Any CPU.ActiveCfg = Release|Any CPU
		{39B7561D-6AB7-427E-87B0-0BF94F3E9031}.Release|Any CPU.Build.0 = Release|Any CPU
		{6A77BAEC-E2FE-4105-9B6A-91FBD0EE013F}.Debug|Any CPU.ActiveCfg = Debug|Any CPU
		{6A77BAEC-E2FE-4105-9B6A-91FBD0EE013F}.Debug|Any CPU.Build.0 = Debug|Any CPU
		{6A77BAEC-E2FE-4105-9B6A-91FBD0EE013F}.Release|Any CPU.ActiveCfg = Release|Any CPU
		{6A77BAEC-E2FE-4105-9B6A-91FBD0EE013F}.Release|Any CPU.Build.0 = Release|Any CPU
		{09F030ED-E387-4CC8-92EF-BC25313763F3}.Debug|Any CPU.ActiveCfg = Debug|Any CPU
		{09F030ED-E387-4CC8-92EF-BC25313763F3}.Debug|Any CPU.Build.0 = Debug|Any CPU
		{09F030ED-E387-4CC8-92EF-BC25313763F3}.Release|Any CPU.ActiveCfg = Release|Any CPU
		{09F030ED-E387-4CC8-92EF-BC25313763F3}.Release|Any CPU.Build.0 = Release|Any CPU
		{082AD119-611F-48F7-AD93-EB6A166E068C}.Debug|Any CPU.ActiveCfg = Debug|Any CPU
		{082AD119-611F-48F7-AD93-EB6A166E068C}.Debug|Any CPU.Build.0 = Debug|Any CPU
		{082AD119-611F-48F7-AD93-EB6A166E068C}.Release|Any CPU.ActiveCfg = Release|Any CPU
		{082AD119-611F-48F7-AD93-EB6A166E068C}.Release|Any CPU.Build.0 = Release|Any CPU
		{4051C757-56D9-486D-9B0F-ECC6510A0E78}.Debug|Any CPU.ActiveCfg = Debug|Any CPU
		{4051C757-56D9-486D-9B0F-ECC6510A0E78}.Debug|Any CPU.Build.0 = Debug|Any CPU
		{4051C757-56D9-486D-9B0F-ECC6510A0E78}.Release|Any CPU.ActiveCfg = Release|Any CPU
		{4051C757-56D9-486D-9B0F-ECC6510A0E78}.Release|Any CPU.Build.0 = Release|Any CPU
		{308786B7-FCA8-43BC-9F55-478B64925544}.Debug|Any CPU.ActiveCfg = Debug|Any CPU
		{308786B7-FCA8-43BC-9F55-478B64925544}.Debug|Any CPU.Build.0 = Debug|Any CPU
		{308786B7-FCA8-43BC-9F55-478B64925544}.Release|Any CPU.ActiveCfg = Release|Any CPU
		{308786B7-FCA8-43BC-9F55-478B64925544}.Release|Any CPU.Build.0 = Release|Any CPU
		{FBA36486-BBE7-48A2-88A5-9E3FF1207D77}.Debug|Any CPU.ActiveCfg = Debug|Any CPU
		{FBA36486-BBE7-48A2-88A5-9E3FF1207D77}.Debug|Any CPU.Build.0 = Debug|Any CPU
		{FBA36486-BBE7-48A2-88A5-9E3FF1207D77}.Release|Any CPU.ActiveCfg = Release|Any CPU
		{FBA36486-BBE7-48A2-88A5-9E3FF1207D77}.Release|Any CPU.Build.0 = Release|Any CPU
		{0C6B8D1B-ED9B-422B-9F77-7CE192CDFD5E}.Debug|Any CPU.ActiveCfg = Debug|Any CPU
		{0C6B8D1B-ED9B-422B-9F77-7CE192CDFD5E}.Debug|Any CPU.Build.0 = Debug|Any CPU
		{0C6B8D1B-ED9B-422B-9F77-7CE192CDFD5E}.Release|Any CPU.ActiveCfg = Release|Any CPU
		{0C6B8D1B-ED9B-422B-9F77-7CE192CDFD5E}.Release|Any CPU.Build.0 = Release|Any CPU
		{2E55DB6C-0E82-49C0-8CDF-0DEC2EF17F97}.Debug|Any CPU.ActiveCfg = Debug|Any CPU
		{2E55DB6C-0E82-49C0-8CDF-0DEC2EF17F97}.Debug|Any CPU.Build.0 = Debug|Any CPU
		{2E55DB6C-0E82-49C0-8CDF-0DEC2EF17F97}.Release|Any CPU.ActiveCfg = Release|Any CPU
		{2E55DB6C-0E82-49C0-8CDF-0DEC2EF17F97}.Release|Any CPU.Build.0 = Release|Any CPU
		{D8016D08-1D09-41BA-98F5-7D3F4E963832}.Debug|Any CPU.ActiveCfg = Debug|Any CPU
		{D8016D08-1D09-41BA-98F5-7D3F4E963832}.Debug|Any CPU.Build.0 = Debug|Any CPU
		{D8016D08-1D09-41BA-98F5-7D3F4E963832}.Release|Any CPU.ActiveCfg = Release|Any CPU
		{D8016D08-1D09-41BA-98F5-7D3F4E963832}.Release|Any CPU.Build.0 = Release|Any CPU
		{9EB461AA-9B95-412A-AF14-63B6A4B92F44}.Debug|Any CPU.ActiveCfg = Debug|Any CPU
		{9EB461AA-9B95-412A-AF14-63B6A4B92F44}.Debug|Any CPU.Build.0 = Debug|Any CPU
		{9EB461AA-9B95-412A-AF14-63B6A4B92F44}.Release|Any CPU.ActiveCfg = Release|Any CPU
		{9EB461AA-9B95-412A-AF14-63B6A4B92F44}.Release|Any CPU.Build.0 = Release|Any CPU
		{89EA38E0-840C-4E7D-B37B-E4DA7841BA5C}.Debug|Any CPU.ActiveCfg = Debug|Any CPU
		{89EA38E0-840C-4E7D-B37B-E4DA7841BA5C}.Debug|Any CPU.Build.0 = Debug|Any CPU
		{89EA38E0-840C-4E7D-B37B-E4DA7841BA5C}.Release|Any CPU.ActiveCfg = Release|Any CPU
		{89EA38E0-840C-4E7D-B37B-E4DA7841BA5C}.Release|Any CPU.Build.0 = Release|Any CPU
		{91C3662D-D6B1-4CCC-A839-0D457065579F}.Debug|Any CPU.ActiveCfg = Debug|Any CPU
		{91C3662D-D6B1-4CCC-A839-0D457065579F}.Debug|Any CPU.Build.0 = Debug|Any CPU
		{91C3662D-D6B1-4CCC-A839-0D457065579F}.Release|Any CPU.ActiveCfg = Release|Any CPU
		{91C3662D-D6B1-4CCC-A839-0D457065579F}.Release|Any CPU.Build.0 = Release|Any CPU
		{7F4C324B-C948-4630-BAD1-05E92225E86C}.Debug|Any CPU.ActiveCfg = Debug|Any CPU
		{7F4C324B-C948-4630-BAD1-05E92225E86C}.Debug|Any CPU.Build.0 = Debug|Any CPU
		{7F4C324B-C948-4630-BAD1-05E92225E86C}.Release|Any CPU.ActiveCfg = Release|Any CPU
		{7F4C324B-C948-4630-BAD1-05E92225E86C}.Release|Any CPU.Build.0 = Release|Any CPU
		{6EFF4BF3-6E34-4A7D-9C5B-0B8989D8ABEC}.Debug|Any CPU.ActiveCfg = Debug|Any CPU
		{6EFF4BF3-6E34-4A7D-9C5B-0B8989D8ABEC}.Debug|Any CPU.Build.0 = Debug|Any CPU
		{6EFF4BF3-6E34-4A7D-9C5B-0B8989D8ABEC}.Release|Any CPU.ActiveCfg = Release|Any CPU
		{6EFF4BF3-6E34-4A7D-9C5B-0B8989D8ABEC}.Release|Any CPU.Build.0 = Release|Any CPU
	EndGlobalSection
	GlobalSection(SolutionProperties) = preSolution
		HideSolutionNode = FALSE
	EndGlobalSection
	GlobalSection(NestedProjects) = preSolution
		{962F4513-E281-48A2-AA67-D3EE6953E254} = {02EA681E-C7D8-13C7-8484-4AC65E1B71E8}
		{645781A5-2C6B-4980-9528-E416C7365B97} = {D5C4693B-E1F4-42BB-99AD-2FE0775C8CA3}
		{39B7561D-6AB7-427E-87B0-0BF94F3E9031} = {D0DB5F17-94CD-43DA-8762-1E7E7525550F}
		{6A77BAEC-E2FE-4105-9B6A-91FBD0EE013F} = {D0DB5F17-94CD-43DA-8762-1E7E7525550F}
		{09F030ED-E387-4CC8-92EF-BC25313763F3} = {D0DB5F17-94CD-43DA-8762-1E7E7525550F}
		{082AD119-611F-48F7-AD93-EB6A166E068C} = {DEA6E8E4-8391-45B3-B39C-A8E23DEF0E4D}
		{4051C757-56D9-486D-9B0F-ECC6510A0E78} = {DEA6E8E4-8391-45B3-B39C-A8E23DEF0E4D}
		{308786B7-FCA8-43BC-9F55-478B64925544} = {DEA6E8E4-8391-45B3-B39C-A8E23DEF0E4D}
		{FBA36486-BBE7-48A2-88A5-9E3FF1207D77} = {3E25E73D-F998-4B0E-96E2-CDAEA5E3E16B}
		{0C6B8D1B-ED9B-422B-9F77-7CE192CDFD5E} = {3E25E73D-F998-4B0E-96E2-CDAEA5E3E16B}
		{2E55DB6C-0E82-49C0-8CDF-0DEC2EF17F97} = {3E25E73D-F998-4B0E-96E2-CDAEA5E3E16B}
		{D8016D08-1D09-41BA-98F5-7D3F4E963832} = {3023F1B4-F91E-40BE-A278-1991260B6E7B}
		{9EB461AA-9B95-412A-AF14-63B6A4B92F44} = {3023F1B4-F91E-40BE-A278-1991260B6E7B}
		{89EA38E0-840C-4E7D-B37B-E4DA7841BA5C} = {3023F1B4-F91E-40BE-A278-1991260B6E7B}
		{91C3662D-D6B1-4CCC-A839-0D457065579F} = {A91B1351-8C50-494B-B0F4-119A305AB4CC}
		{7F4C324B-C948-4630-BAD1-05E92225E86C} = {A91B1351-8C50-494B-B0F4-119A305AB4CC}
		{6EFF4BF3-6E34-4A7D-9C5B-0B8989D8ABEC} = {A91B1351-8C50-494B-B0F4-119A305AB4CC}
	EndGlobalSection
	GlobalSection(ExtensibilityGlobals) = postSolution
		SolutionGuid = {9F78F679-8FDA-46BD-9BE6-807837BA6718}
	EndGlobalSection
EndGlobal
