
Microsoft Visual Studio Solution File, Format Version 12.00
# Visual Studio Version 17
VisualStudioVersion = 17.14.36414.22
MinimumVisualStudioVersion = 10.0.40219.1
Project("{2150E333-8FDC-42A3-9474-1A3956D46DE8}") = "Task0", "Task0", "{02EA681E-C7D8-13C7-8484-4AC65E1B71E8}"
EndProject
Project("{FAE04EC0-301F-11D3-BF4B-00C04F79EFBC}") = "Tyuiu.ArkhipovaMD.Sprint0.Task0.V0", "Tyuiu.ArkhipovaMD.Sprint0.Task0.V0\Tyuiu.ArkhipovaMD.Sprint0.Task0.V0.csproj", "{962F4513-E281-48A2-AA67-D3EE6953E254}"
EndProject
Project("{2150E333-8FDC-42A3-9474-1A3956D46DE8}") = "Task1", "Task1", "{D5C4693B-E1F4-42BB-99AD-2FE0775C8CA3}"
EndProject
Project("{FAE04EC0-301F-11D3-BF4B-00C04F79EFBC}") = "Tyuiy.ArkhipovaMD.Sprint0.Task1.V0", "Tyuiy.ArkhipovaMD.Sprint0.Task1.V0\Tyuiy.ArkhipovaMD.Sprint0.Task1.V0.csproj", "{645781A5-2C6B-4980-9528-E416C7365B97}"
EndProject
Global
	GlobalSection(SolutionConfigurationPlatforms) = preSolution
		Debug|Any CPU = Debug|Any CPU
		Release|Any CPU = Release|Any CPU
	EndGlobalSection
	GlobalSection(ProjectConfigurationPlatforms) = postSolution
		{962F4513-E281-48A2-AA67-D3EE6953E254}.Debug|Any CPU.ActiveCfg = Debug|Any CPU
		{962F4513-E281-48A2-AA67-D3EE6953E254}.Debug|Any CPU.Build.0 = Debug|Any CPU
		{962F4513-E281-48A2-AA67-D3EE6953E254}.Release|Any CPU.ActiveCfg = Release|Any CPU
		{962F4513-E281-48A2-AA67-D3EE6953E254}.Release|Any CPU.Build.0 = Release|Any CPU
		{645781A5-2C6B-4980-9528-E416C7365B97}.Debug|Any CPU.ActiveCfg = Debug|Any CPU
		{645781A5-2C6B-4980-9528-E416C7365B97}.Debug|Any CPU.Build.0 = Debug|Any CPU
		{645781A5-2C6B-4980-9528-E416C7365B97}.Release|Any CPU.ActiveCfg = Release|Any CPU
		{645781A5-2C6B-4980-9528-E416C7365B97}.Release|Any CPU.Build.0 = Release|Any CPU
	EndGlobalSection
	GlobalSection(SolutionProperties) = preSolution
		HideSolutionNode = FALSE
	EndGlobalSection
	GlobalSection(NestedProjects) = preSolution
		{962F4513-E281-48A2-AA67-D3EE6953E254} = {02EA681E-C7D8-13C7-8484-4AC65E1B71E8}
		{645781A5-2C6B-4980-9528-E416C7365B97} = {D5C4693B-E1F4-42BB-99AD-2FE0775C8CA3}
	EndGlobalSection
	GlobalSection(ExtensibilityGlobals) = postSolution
		SolutionGuid = {9F78F679-8FDA-46BD-9BE6-807837BA6718}
	EndGlobalSection
EndGlobal
